
Microsoft Visual Studio Solution File, Format Version 12.00
# Visual Studio 15
VisualStudioVersion = 15.0.27130.2024
MinimumVisualStudioVersion = 10.0.40219.1
Project("{9A19103F-16F7-4668-BE54-9A1E7A4F7556}") = "StonehengeBot", "StonehengeBot\StonehengeBot.csproj", "{83A2D985-2377-4573-9247-61EC5D3CDCCE}"
EndProject
Project("{FAE04EC0-301F-11D3-BF4B-00C04F79EFBC}") = "StonehengeBot.Tests", "StonehengeBot.Tests\StonehengeBot.Tests.csproj", "{BFD4CDA2-193A-44C6-9474-A34B397C8BFA}"
EndProject
Global
	GlobalSection(SolutionConfigurationPlatforms) = preSolution
		Debug|Any CPU = Debug|Any CPU
		Release|Any CPU = Release|Any CPU
	EndGlobalSection
	GlobalSection(ProjectConfigurationPlatforms) = postSolution
		{83A2D985-2377-4573-9247-61EC5D3CDCCE}.Debug|Any CPU.ActiveCfg = Debug|Any CPU
		{83A2D985-2377-4573-9247-61EC5D3CDCCE}.Debug|Any CPU.Build.0 = Debug|Any CPU
		{83A2D985-2377-4573-9247-61EC5D3CDCCE}.Release|Any CPU.ActiveCfg = Release|Any CPU
		{83A2D985-2377-4573-9247-61EC5D3CDCCE}.Release|Any CPU.Build.0 = Release|Any CPU
		{BFD4CDA2-193A-44C6-9474-A34B397C8BFA}.Debug|Any CPU.ActiveCfg = Debug|Any CPU
		{BFD4CDA2-193A-44C6-9474-A34B397C8BFA}.Debug|Any CPU.Build.0 = Debug|Any CPU
		{BFD4CDA2-193A-44C6-9474-A34B397C8BFA}.Release|Any CPU.ActiveCfg = Release|Any CPU
		{BFD4CDA2-193A-44C6-9474-A34B397C8BFA}.Release|Any CPU.Build.0 = Release|Any CPU
	EndGlobalSection
	GlobalSection(SolutionProperties) = preSolution
		HideSolutionNode = FALSE
	EndGlobalSection
	GlobalSection(ExtensibilityGlobals) = postSolution
		SolutionGuid = {5F8D7760-5099-487E-BF39-673450CBEB3B}
	EndGlobalSection
EndGlobal
